
Microsoft Visual Studio Solution File, Format Version 12.00
# Visual Studio Version 17
VisualStudioVersion = 17.7.34024.191
MinimumVisualStudioVersion = 10.0.40219.1
Project("{FAE04EC0-301F-11D3-BF4B-00C04F79EFBC}") = "BankomatApp", "BankomatApp\BankomatApp.csproj", "{824089D4-4E8C-47B2-8235-884B80EBF7FD}"
EndProject
Project("{FAE04EC0-301F-11D3-BF4B-00C04F79EFBC}") = "ClassLibrary1", "ClassLibrary1\ClassLibrary1.csproj", "{650D3D0F-1710-4738-9BE9-D8CA141226E8}"
EndProject
Global
	GlobalSection(SolutionConfigurationPlatforms) = preSolution
		Debug|Any CPU = Debug|Any CPU
		Release|Any CPU = Release|Any CPU
	EndGlobalSection
	GlobalSection(ProjectConfigurationPlatforms) = postSolution
		{824089D4-4E8C-47B2-8235-884B80EBF7FD}.Debug|Any CPU.ActiveCfg = Debug|Any CPU
		{824089D4-4E8C-47B2-8235-884B80EBF7FD}.Debug|Any CPU.Build.0 = Debug|Any CPU
		{824089D4-4E8C-47B2-8235-884B80EBF7FD}.Release|Any CPU.ActiveCfg = Release|Any CPU
		{824089D4-4E8C-47B2-8235-884B80EBF7FD}.Release|Any CPU.Build.0 = Release|Any CPU
		{650D3D0F-1710-4738-9BE9-D8CA141226E8}.Debug|Any CPU.ActiveCfg = Debug|Any CPU
		{650D3D0F-1710-4738-9BE9-D8CA141226E8}.Debug|Any CPU.Build.0 = Debug|Any CPU
		{650D3D0F-1710-4738-9BE9-D8CA141226E8}.Release|Any CPU.ActiveCfg = Release|Any CPU
		{650D3D0F-1710-4738-9BE9-D8CA141226E8}.Release|Any CPU.Build.0 = Release|Any CPU
	EndGlobalSection
	GlobalSection(SolutionProperties) = preSolution
		HideSolutionNode = FALSE
	EndGlobalSection
	GlobalSection(ExtensibilityGlobals) = postSolution
		SolutionGuid = {B9B21145-EF6C-4B2A-BFF2-2068BF1DDE80}
	EndGlobalSection
EndGlobal
